[[package]]
name = "atomicwrites"
version = "1.4.0"
description = "Atomic file writes."
category = "main"
optional = false
python-versions = ">=2.7, !=3.0.*, !=3.1.*, !=3.2.*, !=3.3.*"

[[package]]
name = "attrs"
version = "20.3.0"
description = "Classes Without Boilerplate"
category = "main"
optional = false
python-versions = ">=2.7, !=3.0.*, !=3.1.*, !=3.2.*, !=3.3.*"

[package.extras]
dev = ["coverage[toml] (>=5.0.2)", "hypothesis", "pympler", "pytest (>=4.3.0)", "six", "zope.interface", "furo", "sphinx", "pre-commit"]
docs = ["furo", "sphinx", "zope.interface"]
tests = ["coverage[toml] (>=5.0.2)", "hypothesis", "pympler", "pytest (>=4.3.0)", "six", "zope.interface"]
tests_no_zope = ["coverage[toml] (>=5.0.2)", "hypothesis", "pympler", "pytest (>=4.3.0)", "six"]

[[package]]
name = "click"
version = "7.1.2"
description = "Composable command line interface toolkit"
category = "main"
optional = false
python-versions = ">=2.7, !=3.0.*, !=3.1.*, !=3.2.*, !=3.3.*, !=3.4.*"

[[package]]
name = "colorama"
version = "0.4.4"
description = "Cross-platform colored terminal text."
category = "main"
optional = false
python-versions = ">=2.7, !=3.0.*, !=3.1.*, !=3.2.*, !=3.3.*, !=3.4.*"

[[package]]
name = "debugpy"
version = "1.2.1"
description = "An implementation of the Debug Adapter Protocol for Python"
category = "dev"
optional = false
python-versions = ">=2.7,!=3.0.*,!=3.1.*,!=3.2.*,!=3.3.*,!=3.4.*"

[[package]]
name = "flask"
version = "1.1.2"
description = "A simple framework for building complex web applications."
category = "main"
optional = false
python-versions = ">=2.7, !=3.0.*, !=3.1.*, !=3.2.*, !=3.3.*, !=3.4.*"

[package.dependencies]
click = ">=5.1"
itsdangerous = ">=0.24"
Jinja2 = ">=2.10.1"
Werkzeug = ">=0.15"

[package.extras]
dev = ["pytest", "coverage", "tox", "sphinx", "pallets-sphinx-themes", "sphinxcontrib-log-cabinet", "sphinx-issues"]
docs = ["sphinx", "pallets-sphinx-themes", "sphinxcontrib-log-cabinet", "sphinx-issues"]
dotenv = ["python-dotenv"]

[[package]]
name = "grpcio"
version = "1.35.0"
description = "HTTP/2-based RPC framework"
category = "dev"
optional = false
python-versions = "*"

[package.dependencies]
six = ">=1.5.2"

[package.extras]
protobuf = ["grpcio-tools (>=1.35.0)"]

[[package]]
name = "grpcio-tools"
version = "1.35.0"
description = "Protobuf code generator for gRPC"
category = "dev"
optional = false
python-versions = "*"

[package.dependencies]
grpcio = ">=1.35.0"
protobuf = ">=3.5.0.post1,<4.0dev"

[[package]]
name = "importlib-metadata"
version = "3.4.0"
description = "Read metadata from Python packages"
category = "main"
optional = false
python-versions = ">=3.6"

[package.dependencies]
typing-extensions = {version = ">=3.6.4", markers = "python_version < \"3.8\""}
zipp = ">=0.5"

[package.extras]
docs = ["sphinx", "jaraco.packaging (>=8.2)", "rst.linker (>=1.9)"]
testing = ["pytest (>=3.5,!=3.7.3)", "pytest-checkdocs (>=1.2.3)", "pytest-flake8", "pytest-cov", "pytest-enabler", "packaging", "pep517", "pyfakefs", "flufl.flake8", "pytest-black (>=0.3.7)", "pytest-mypy", "importlib-resources (>=1.3)"]

[[package]]
name = "iniconfig"
version = "1.1.1"
description = "iniconfig: brain-dead simple config-ini parsing"
category = "main"
optional = false
python-versions = "*"

[[package]]
name = "itsdangerous"
version = "1.1.0"
description = "Various helpers to pass data to untrusted environments and back."
category = "main"
optional = false
python-versions = ">=2.7, !=3.0.*, !=3.1.*, !=3.2.*, !=3.3.*"

[[package]]
name = "jinja2"
version = "2.11.3"
description = "A very fast and expressive template engine."
category = "main"
optional = false
python-versions = ">=2.7, !=3.0.*, !=3.1.*, !=3.2.*, !=3.3.*, !=3.4.*"

[package.dependencies]
MarkupSafe = ">=0.23"

[package.extras]
i18n = ["Babel (>=0.8)"]

[[package]]
name = "markupsafe"
version = "1.1.1"
description = "Safely add untrusted strings to HTML/XML markup."
category = "main"
optional = false
python-versions = ">=2.7,!=3.0.*,!=3.1.*,!=3.2.*,!=3.3.*"

[[package]]
name = "packaging"
version = "20.9"
description = "Core utilities for Python packages"
category = "main"
optional = false
python-versions = ">=2.7, !=3.0.*, !=3.1.*, !=3.2.*, !=3.3.*"

[package.dependencies]
pyparsing = ">=2.0.2"

[[package]]
name = "pluggy"
version = "0.13.1"
description = "plugin and hook calling mechanisms for python"
category = "main"
optional = false
python-versions = ">=2.7, !=3.0.*, !=3.1.*, !=3.2.*, !=3.3.*"

[package.dependencies]
importlib-metadata = {version = ">=0.12", markers = "python_version < \"3.8\""}

[package.extras]
dev = ["pre-commit", "tox"]

[[package]]
name = "protobuf"
version = "3.14.0"
description = "Protocol Buffers"
category = "dev"
optional = false
python-versions = "*"

[package.dependencies]
six = ">=1.9"

[[package]]
name = "py"
version = "1.10.0"
description = "library with cross-python path, ini-parsing, io, code, log facilities"
category = "main"
optional = false
python-versions = ">=2.7, !=3.0.*, !=3.1.*, !=3.2.*, !=3.3.*"

[[package]]
name = "pyparsing"
version = "2.4.7"
description = "Python parsing module"
category = "main"
optional = false
python-versions = ">=2.6, !=3.0.*, !=3.1.*, !=3.2.*"

[[package]]
name = "pytest"
version = "6.2.2"
description = "pytest: simple powerful testing with Python"
category = "main"
optional = false
python-versions = ">=3.6"

[package.dependencies]
atomicwrites = {version = ">=1.0", markers = "sys_platform == \"win32\""}
attrs = ">=19.2.0"
colorama = {version = "*", markers = "sys_platform == \"win32\""}
importlib-metadata = {version = ">=0.12", markers = "python_version < \"3.8\""}
iniconfig = "*"
packaging = "*"
pluggy = ">=0.12,<1.0.0a1"
py = ">=1.8.2"
toml = "*"

[package.extras]
testing = ["argcomplete", "hypothesis (>=3.56)", "mock", "nose", "requests", "xmlschema"]

[[package]]
name = "six"
version = "1.15.0"
description = "Python 2 and 3 compatibility utilities"
category = "dev"
optional = false
python-versions = ">=2.7, !=3.0.*, !=3.1.*, !=3.2.*"

[[package]]
name = "toml"
version = "0.10.2"
description = "Python Library for Tom's Obvious, Minimal Language"
category = "main"
optional = false
python-versions = ">=2.6, !=3.0.*, !=3.1.*, !=3.2.*"

[[package]]
name = "typing-extensions"
version = "3.7.4.3"
description = "Backported and Experimental Type Hints for Python 3.5+"
category = "main"
optional = false
python-versions = "*"

[[package]]
name = "werkzeug"
version = "1.0.1"
description = "The comprehensive WSGI web application library."
category = "main"
optional = false
python-versions = ">=2.7, !=3.0.*, !=3.1.*, !=3.2.*, !=3.3.*, !=3.4.*"

[package.extras]
dev = ["pytest", "pytest-timeout", "coverage", "tox", "sphinx", "pallets-sphinx-themes", "sphinx-issues"]
watchdog = ["watchdog"]

[[package]]
name = "zipp"
version = "3.4.0"
description = "Backport of pathlib-compatible object wrapper for zip files"
category = "main"
optional = false
python-versions = ">=3.6"

[package.extras]
docs = ["sphinx", "jaraco.packaging (>=3.2)", "rst.linker (>=1.9)"]
testing = ["pytest (>=3.5,!=3.7.3)", "pytest-checkdocs (>=1.2.3)", "pytest-flake8", "pytest-cov", "jaraco.test (>=3.2.0)", "jaraco.itertools", "func-timeout", "pytest-black (>=0.3.7)", "pytest-mypy"]

[metadata]
lock-version = "1.1"
python-versions = "^3.7"
content-hash = "cd6cc04fbdc94330f4b5d9950c23dcfd5c3418a48b34633cc56a5eb2f02d801d"

[metadata.files]
atomicwrites = [
    {file = "atomicwrites-1.4.0-py2.py3-none-any.whl", hash = "sha256:6d1784dea7c0c8d4a5172b6c620f40b6e4cbfdf96d783691f2e1302a7b88e197"},
    {file = "atomicwrites-1.4.0.tar.gz", hash = "sha256:ae70396ad1a434f9c7046fd2dd196fc04b12f9e91ffb859164193be8b6168a7a"},
]
attrs = [
    {file = "attrs-20.3.0-py2.py3-none-any.whl", hash = "sha256:31b2eced602aa8423c2aea9c76a724617ed67cf9513173fd3a4f03e3a929c7e6"},
    {file = "attrs-20.3.0.tar.gz", hash = "sha256:832aa3cde19744e49938b91fea06d69ecb9e649c93ba974535d08ad92164f700"},
]
click = [
    {file = "click-7.1.2-py2.py3-none-any.whl", hash = "sha256:dacca89f4bfadd5de3d7489b7c8a566eee0d3676333fbb50030263894c38c0dc"},
    {file = "click-7.1.2.tar.gz", hash = "sha256:d2b5255c7c6349bc1bd1e59e08cd12acbbd63ce649f2588755783aa94dfb6b1a"},
]
colorama = [
    {file = "colorama-0.4.4-py2.py3-none-any.whl", hash = "sha256:9f47eda37229f68eee03b24b9748937c7dc3868f906e8ba69fbcbdd3bc5dc3e2"},
    {file = "colorama-0.4.4.tar.gz", hash = "sha256:5941b2b48a20143d2267e95b1c2a7603ce057ee39fd88e7329b0c292aa16869b"},
]
debugpy = [
    {file = "debugpy-1.2.1-cp27-cp27m-macosx_10_14_x86_64.whl", hash = "sha256:05726aa5fa7a65587ca0b1d58cbbf7f7b223300f989b152bd4dccc86a16e5c29"},
    {file = "debugpy-1.2.1-cp27-cp27m-manylinux1_i686.whl", hash = "sha256:661d8d4b2632d952204237452d9764f20599fdd952cba49d6e985d3279453bc5"},
    {file = "debugpy-1.2.1-cp27-cp27m-manylinux1_x86_64.whl", hash = "sha256:45864a250237128cfcb9b9b69ba844ef75fe7b7964691ce1a4c6af95d950cd5f"},
    {file = "debugpy-1.2.1-cp27-cp27m-manylinux2010_i686.whl", hash = "sha256:ad42addff9b7f704ca4779bce5b40cf9cd9921172b60a9db10f94db28591b898"},
    {file = "debugpy-1.2.1-cp27-cp27m-manylinux2010_x86_64.whl", hash = "sha256:6c3592aa6441a0d4b976488d17d42a06531fe066f41e85b65a7dadc3480426bf"},
    {file = "debugpy-1.2.1-cp27-cp27mu-manylinux1_i686.whl", hash = "sha256:996f9070fa37fff1bc70438faea3aa82ad96b4794388bcd0151d21c9839cfbeb"},
    {file = "debugpy-1.2.1-cp27-cp27mu-manylinux1_x86_64.whl", hash = "sha256:b47a88b49d297a064d01045aa2f93cee230a4cbb42e0a4da2af9452175087906"},
    {file = "debugpy-1.2.1-cp27-cp27mu-manylinux2010_i686.whl", hash = "sha256:ea36a3a71b3c7549710829bf1ef723222ebd6c9d43e7da0c30a87a8f718c7c38"},
    {file = "debugpy-1.2.1-cp27-cp27mu-manylinux2010_x86_64.whl", hash = "sha256:cb6d1e65fc11f6e0bda65861a47ac49e8ad8e64bcc120f7d2f51cc8a0a36a2ba"},
    {file = "debugpy-1.2.1-cp35-cp35m-macosx_10_14_x86_64.whl", hash = "sha256:45c81245cde0f47e3d6caaf82890f861a6147d0c6a0095c3ab1c578b50cbc1a8"},
    {file = "debugpy-1.2.1-cp35-cp35m-manylinux1_i686.whl", hash = "sha256:8fa35cca6d724fde4ac7ecc680c36e4b6a51b7a575e967061a55057a8d55d98f"},
    {file = "debugpy-1.2.1-cp35-cp35m-manylinux1_x86_64.whl", hash = "sha256:7faa306b8dc21d79b329e2c757a6276f24621cbd4b37031b4ff5428160752e74"},
    {file = "debugpy-1.2.1-cp35-cp35m-manylinux2010_i686.whl", hash = "sha256:dabc631c63e4359995e9823d5e0f347d0b94fc8981a98ab41e2f670d2e7a2363"},
    {file = "debugpy-1.2.1-cp35-cp35m-manylinux2010_x86_64.whl", hash = "sha256:b93081a76f392a2f7363d0d0c0f3f1bf510d39745432339c165f4d5f8534e17d"},
    {file = "debugpy-1.2.1-cp35-cp35m-manylinux2014_i686.whl", hash = "sha256:81d4eef9702a55af23fddf1a748a2b380ad7495a7d2a6a527dc18d23b39f089a"},
    {file = "debugpy-1.2.1-cp35-cp35m-manylinux2014_x86_64.whl", hash = "sha256:38f4bd04576632f1611cf3b8263e210f73652e39f31da63281199791fd6e9e5b"},
    {file = "debugpy-1.2.1-cp35-cp35m-win32.whl", hash = "sha256:ceb76da0c3551a2373503c3714d0ec77227e91f55715ecaff9890de40dd39bf7"},
    {file = "debugpy-1.2.1-cp35-cp35m-win_amd64.whl", hash = "sha256:eadedf204ec1921ea0e457292cecf0f8bf1df61aa1329073cacb8e6ce7bd1b82"},
    {file = "debugpy-1.2.1-cp36-cp36m-macosx_10_14_x86_64.whl", hash = "sha256:9dbe15e36f15cbe8d8bdf488217e10c7548d0bd0e13dbfb29b90672bb3ee033a"},
    {file = "debugpy-1.2.1-cp36-cp36m-manylinux1_i686.whl", hash = "sha256:97025c5485484a5e8fd30603d16e2ebbe170e976b10f72d31b7088872328ed83"},
    {file = "debugpy-1.2.1-cp36-cp36m-manylinux1_x86_64.whl", hash = "sha256:e5416bfcbc4d5cbcfff619b88fd2ee8624a75376bb6f348fc6f22e3a6dcf0384"},
    {file = "debugpy-1.2.1-cp36-cp36m-manylinux2010_i686.whl", hash = "sha256:d8e063a734a5c2dc64e44e91c7d3f7282c9aebf630e0ea25d878f986bc20b8e7"},
    {file = "debugpy-1.2.1-cp36-cp36m-manylinux2010_x86_64.whl", hash = "sha256:ff1a2887439ab0f2000b6a73d3fcdd8202bade433e190e5c0e8e1ad7b16969be"},
    {file = "debugpy-1.2.1-cp36-cp36m-manylinux2014_i686.whl", hash = "sha256:69109c0e1ec2ba6f91befb958c15b5a941a420feecb9e196a15ecc12a088745a"},
    {file = "debugpy-1.2.1-cp36-cp36m-manylinux2014_x86_64.whl", hash = "sha256:8dca68a83946ad18d4a60907d6cbfab2fd663f0818b1a575d4f18dc616787ac4"},
    {file = "debugpy-1.2.1-cp36-cp36m-win32.whl", hash = "sha256:779fa99a5c7a736b3f62db83200a325a81c1e2ae8961f5386c3318224531f474"},
    {file = "debugpy-1.2.1-cp36-cp36m-win_amd64.whl", hash = "sha256:8861d8263c62be90bed696bf7b9d70be77a235c259035f5e2bcf0df2cf23b0d3"},
    {file = "debugpy-1.2.1-cp37-cp37m-macosx_10_14_x86_64.whl", hash = "sha256:fa0ad34e3a13759bb0800ca93542bcc3294e19facfb4e8fc027720f388957b75"},
    {file = "debugpy-1.2.1-cp37-cp37m-manylinux1_i686.whl", hash = "sha256:1da1f58e7ccbc7d2d5628347b522529b45390c8a58ff01912ea6cd0b4fbd4465"},
    {file = "debugpy-1.2.1-cp37-cp37m-manylinux1_x86_64.whl", hash = "sha256:3d6e779841246bb3512d630df5620828ae333618e8f93d117194a87904d1d2a6"},
    {file = "debugpy-1.2.1-cp37-cp37m-manylinux2010_i686.whl", hash = "sha256:b4ed4982b5d83e79f31417ab1feb5bd1bf7512cbd11ed396036197964dbcbf73"},
    {file = "debugpy-1.2.1-cp37-cp37m-manylinux2010_x86_64.whl", hash = "sha256:6e9f1aeb42820ae0bad07a0392cd5fb0b1da5aa0f4ada5d7e388e157892e5638"},
    {file = "debugpy-1.2.1-cp37-cp37m-manylinux2014_i686.whl", hash = "sha256:43846c3c986715d006ee15c6aaeba2c1b26d83a23da5f3d541d3f8eeae882062"},
    {file = "debugpy-1.2.1-cp37-cp37m-manylinux2014_x86_64.whl", hash = "sha256:8bf3d68592afe46439c5d35f3e1312e91882642b823e777b6415b8c150141437"},
    {file = "debugpy-1.2.1-cp37-cp37m-win32.whl", hash = "sha256:7fd7545475d74714531e36bcf77fbca6f123afa619be49c6b1543250d73de29a"},
    {file = "debugpy-1.2.1-cp37-cp37m-win_amd64.whl", hash = "sha256:4d3ecffc93de06b67f14a4faf23f64c93a143b403ead989608c7a3f3b12a6859"},
    {file = "debugpy-1.2.1-cp38-cp38-macosx_10_14_x86_64.whl", hash = "sha256:e42783d1731107433d421ee489aa71e76f521d1b6f25ead3d87fafdadc75d3fd"},
    {file = "debugpy-1.2.1-cp38-cp38-manylinux1_i686.whl", hash = "sha256:e7cb1dd617dd429a0a0a2f6359bd6a5d08401715d530d318b449f6cbc78e1bdb"},
    {file = "debugpy-1.2.1-cp38-cp38-manylinux1_x86_64.whl", hash = "sha256:a196fc90f91f798c7b51e6acb74d01dd2ebd5b760b959058289e32b067407963"},
    {file = "debugpy-1.2.1-cp38-cp38-manylinux2010_i686.whl", hash = "sha256:b1330eee0cbef2b056e7e9967800202e06bf1f8ef21fc215695aa315e76bab27"},
    {file = "debugpy-1.2.1-cp38-cp38-manylinux2010_x86_64.whl", hash = "sha256:ca9dd68bf3e52f60a628a191acb86e1b9654165a4327200b67008c3a05be6373"},
    {file = "debugpy-1.2.1-cp38-cp38-manylinux2014_i686.whl", hash = "sha256:7520c4dc66e0230a7f4b5cbb336ea0abfecadaee0b7e0191803905f5bcef7c60"},
    {file = "debugpy-1.2.1-cp38-cp38-manylinux2014_x86_64.whl", hash = "sha256:0ecff2d8bda1812434d71465189aa0fa6f2adf193955c39402aa25b510e563c0"},
    {file = "debugpy-1.2.1-cp38-cp38-win32.whl", hash = "sha256:23aca5c088a8389fb4bcddd16913608ebc06ce53cc2a09fc6eeb81f2d70249b4"},
    {file = "debugpy-1.2.1-cp38-cp38-win_amd64.whl", hash = "sha256:1307ce1cd8cee2e7813c97764ac209abc8244af772ae299d1b81447b6b68b40c"},
    {file = "debugpy-1.2.1-cp39-cp39-macosx_10_14_x86_64.whl", hash = "sha256:b76b3c43c4e4dbdd4940ac9c3d992c1ed100f33147d8824156c7e5bd11c71094"},
    {file = "debugpy-1.2.1-cp39-cp39-manylinux1_i686.whl", hash = "sha256:c388e332ce5c9592eafd925e9dec2dce889665cb45c4add15b0705053e9b3188"},
    {file = "debugpy-1.2.1-cp39-cp39-manylinux1_x86_64.whl", hash = "sha256:3206b0ec848768fa083081469a705bc48b6941f90035f339ec7ef53bcdeb317c"},
    {file = "debugpy-1.2.1-cp39-cp39-manylinux2010_i686.whl", hash = "sha256:185ff9ebcec6d644450c6df9d72a954b58710c2e6ed02b287e8dd610bd4bc7eb"},
    {file = "debugpy-1.2.1-cp39-cp39-manylinux2010_x86_64.whl", hash = "sha256:53fed34ba47bd2ca9670e8942e64a000534742ee29d933eeae1563c6c126262e"},
    {file = "debugpy-1.2.1-cp39-cp39-manylinux2014_i686.whl", hash = "sha256:c298fd4354c4f194c1df85b44bfccb0683504a86f3daa396533ae9b3a2eaa8b1"},
    {file = "debugpy-1.2.1-cp39-cp39-manylinux2014_x86_64.whl", hash = "sha256:1740eeeb81b1f5779906a54306436b64c67919d4fbc1aee7b87367fc37f476ae"},
    {file = "debugpy-1.2.1-py2.py3-none-any.whl", hash = "sha256:6fd6e4d5295b6ac96f32053078688c6e4d8a0ed3d53cac5e14989303100c43aa"},
    {file = "debugpy-1.2.1.zip", hash = "sha256:3157a64db960dab322c4be6a44df3427ed965e4b618daba0c96cf71c13b82b61"},
]
flask = [
    {file = "Flask-1.1.2-py2.py3-none-any.whl", hash = "sha256:8a4fdd8936eba2512e9c85df320a37e694c93945b33ef33c89946a340a238557"},
    {file = "Flask-1.1.2.tar.gz", hash = "sha256:4efa1ae2d7c9865af48986de8aeb8504bf32c7f3d6fdc9353d34b21f4b127060"},
]
grpcio = [
    {file = "grpcio-1.35.0-cp27-cp27m-macosx_10_10_x86_64.whl", hash = "sha256:95cc4d2067deced18dc807442cf8062a93389a86abf8d40741120054389d3f29"},
    {file = "grpcio-1.35.0-cp27-cp27m-manylinux2010_i686.whl", hash = "sha256:d186a0ce291f4386e28a7042ec31c85250b0c2e25d2794b87fa3c15ff473c46c"},
    {file = "grpcio-1.35.0-cp27-cp27m-manylinux2010_x86_64.whl", hash = "sha256:c8d0a6a58a42275c6cb616e7cb9f9fcf5eba1e809996546e561cd818b8f7cff7"},
    {file = "grpcio-1.35.0-cp27-cp27m-win32.whl", hash = "sha256:8d08f90d72a8e8d9af087476337da76d26749617b0a092caff4e684ce267af21"},
    {file = "grpcio-1.35.0-cp27-cp27m-win_amd64.whl", hash = "sha256:0072ec4563ab4268c4c32e936955085c2d41ea175b662363496daedd2273372c"},
    {file = "grpcio-1.35.0-cp27-cp27mu-linux_armv7l.whl", hash = "sha256:aca45d2ccb693c9227fbf21144891422a42dc4b76b52af8dd1d4e43afebe321d"},
    {file = "grpcio-1.35.0-cp27-cp27mu-manylinux2010_i686.whl", hash = "sha256:87147b1b306c88fe7dca7e3dff8aefd1e63d6aed86e224f9374ddf283f17d7f1"},
    {file = "grpcio-1.35.0-cp27-cp27mu-manylinux2010_x86_64.whl", hash = "sha256:22edfc278070d54f3ab7f741904e09155a272fe934e842babbf84476868a50de"},
    {file = "grpcio-1.35.0-cp35-cp35m-linux_armv7l.whl", hash = "sha256:f3654a52f72ba28953dbe2e93208099f4903f4b3c07dc7ff4db671c92968111d"},
    {file = "grpcio-1.35.0-cp35-cp35m-macosx_10_10_intel.whl", hash = "sha256:dc2589370ef84eb1cc53530070d658a7011d2ee65f18806581809c11cd016136"},
    {file = "grpcio-1.35.0-cp35-cp35m-manylinux2010_i686.whl", hash = "sha256:f0c27fd16582a303e5baf6cffd9345c9ac5f855d69a51232664a0b888a77ba80"},
    {file = "grpcio-1.35.0-cp35-cp35m-manylinux2010_x86_64.whl", hash = "sha256:b2985f73611b637271b00d9c4f177e65cc3193269bc9760f16262b1a12757265"},
    {file = "grpcio-1.35.0-cp35-cp35m-manylinux2014_i686.whl", hash = "sha256:acb489b7aafdcf960f1a0000a1f22b45e5b6ccdf8dba48f97617d627f4133195"},
    {file = "grpcio-1.35.0-cp35-cp35m-manylinux2014_x86_64.whl", hash = "sha256:16fd33030944672e49e0530dec2c60cd4089659ccdf327e99569b3b29246a0b6"},
    {file = "grpcio-1.35.0-cp35-cp35m-win32.whl", hash = "sha256:1757e81c09132851e85495b802fe4d4fbef3547e77fa422a62fb4f7d51785be0"},
    {file = "grpcio-1.35.0-cp35-cp35m-win_amd64.whl", hash = "sha256:35b72884e09cbc46c564091f4545a39fa66d132c5676d1a6e827517fff47f2c1"},
    {file = "grpcio-1.35.0-cp36-cp36m-linux_armv7l.whl", hash = "sha256:17940a7dc461066f28816df48be44f24d3b9f150db344308ee2aeae033e1af0b"},
    {file = "grpcio-1.35.0-cp36-cp36m-macosx_10_10_x86_64.whl", hash = "sha256:75ea903edc42a8c6ec61dbc5f453febd79d8bdec0e1bad6df7088c34282e8c42"},
    {file = "grpcio-1.35.0-cp36-cp36m-manylinux2010_i686.whl", hash = "sha256:b180a3ec4a5d6f96d3840c83e5f8ab49afac9fa942921e361b451d7a024efb00"},
    {file = "grpcio-1.35.0-cp36-cp36m-manylinux2010_x86_64.whl", hash = "sha256:e163c27d2062cd3eb07057f23f8d1330925beaba16802312b51b4bad33d74098"},
    {file = "grpcio-1.35.0-cp36-cp36m-manylinux2014_i686.whl", hash = "sha256:764b50ba1a15a2074cdd1a841238f2dead0a06529c495a46821fae84cb9c7342"},
    {file = "grpcio-1.35.0-cp36-cp36m-manylinux2014_x86_64.whl", hash = "sha256:088c8bea0f6b596937fefacf2c8df97712e7a3dd49496975049cc95dbf02af1a"},
    {file = "grpcio-1.35.0-cp36-cp36m-win32.whl", hash = "sha256:1aa53f82362c7f2791fe0cdd9a3b3aec325c11d8f0dfde600f91907dfaa8546b"},
    {file = "grpcio-1.35.0-cp36-cp36m-win_amd64.whl", hash = "sha256:efb3d67405eb8030db6f27920b4be023fabfb5d4e09c34deab094a7c473a5472"},
    {file = "grpcio-1.35.0-cp37-cp37m-macosx_10_10_x86_64.whl", hash = "sha256:44aaa6148d18a8e836f99dadcdec17b27bc7ec0995b2cc12c94e61826040ec90"},
    {file = "grpcio-1.35.0-cp37-cp37m-manylinux2010_i686.whl", hash = "sha256:18ad7644e23757420ea839ac476ef861e4f4841c8566269b7c91c100ca1943b3"},
    {file = "grpcio-1.35.0-cp37-cp37m-manylinux2010_x86_64.whl", hash = "sha256:859a0ceb23d7189362cc06fe7e906e9ed5c7a8f3ac960cc04ce13fe5847d0b62"},
    {file = "grpcio-1.35.0-cp37-cp37m-manylinux2014_i686.whl", hash = "sha256:3e7d4428ed752fdfe2dddf2a404c93d3a2f62bf4b9109c0c10a850c698948891"},
    {file = "grpcio-1.35.0-cp37-cp37m-manylinux2014_x86_64.whl", hash = "sha256:a36151c335280b09afd5123f3b25085027ae2b10682087a4342fb6f635b928fb"},
    {file = "grpcio-1.35.0-cp37-cp37m-win32.whl", hash = "sha256:dfecb2acd3acb8bb50e9aa31472c6e57171d97c1098ee67cd283a6fe7d56a926"},
    {file = "grpcio-1.35.0-cp37-cp37m-win_amd64.whl", hash = "sha256:e87e55fba98ebd7b4c614dcef9940dc2a7e057ad8bba5f91554934d47319a35b"},
    {file = "grpcio-1.35.0-cp38-cp38-macosx_10_10_x86_64.whl", hash = "sha256:da44bf613eed5d9e8df0785463e502a416de1be6e4ac31edbe99c9111abaed5f"},
    {file = "grpcio-1.35.0-cp38-cp38-manylinux2010_i686.whl", hash = "sha256:9e503eaf853199804a954dc628c5207e67d6c7848dcba42a997fbe718618a2b1"},
    {file = "grpcio-1.35.0-cp38-cp38-manylinux2010_x86_64.whl", hash = "sha256:6ba3d7acf70acde9ce27e22921db921b84a71be578b32739536c32377b65041a"},
    {file = "grpcio-1.35.0-cp38-cp38-manylinux2014_i686.whl", hash = "sha256:048c01d1eb5c2ae7cba2254b98938d2fc81f6dc10d172d9261d65266adb0fdb3"},
    {file = "grpcio-1.35.0-cp38-cp38-manylinux2014_x86_64.whl", hash = "sha256:efd896e8ca7adb2654cf014479a5e1f74e4f776b6b2c0fbf95a6c92787a6631a"},
    {file = "grpcio-1.35.0-cp38-cp38-win32.whl", hash = "sha256:8a29a26b9f39701ce15aa1d5aa5e96e0b5f7028efe94f95341a4ed8dbe4bed78"},
    {file = "grpcio-1.35.0-cp38-cp38-win_amd64.whl", hash = "sha256:aea3d592a7ece84739b92d212cd16037c51d84a259414f64b51c14e946611f3d"},
    {file = "grpcio-1.35.0-cp39-cp39-macosx_10_10_x86_64.whl", hash = "sha256:2f8e8d35d4799aa1627a212dbe8546594abf4064056415c31bd1b3b8f2a62027"},
    {file = "grpcio-1.35.0-cp39-cp39-manylinux2010_i686.whl", hash = "sha256:9f0da13b215068e7434b161a35d0b4e92140ffcfa33ddda9c458199ea1d7ce45"},
    {file = "grpcio-1.35.0-cp39-cp39-manylinux2010_x86_64.whl", hash = "sha256:7ae408780b79c9b9b91a2592abd1d7abecd05675d988ea75038580f420966b59"},
    {file = "grpcio-1.35.0-cp39-cp39-manylinux2014_i686.whl", hash = "sha256:0f714e261e1d63615476cda4ee808a79cca62f8f09e2943c136c2f87ec5347b1"},
    {file = "grpcio-1.35.0-cp39-cp39-manylinux2014_x86_64.whl", hash = "sha256:7ee7d54da9d176d3c9a0f47c04d7ff6fdc6ee1c17643caff8c33d6c8a70678a4"},
    {file = "grpcio-1.35.0-cp39-cp39-win32.whl", hash = "sha256:94c3b81089a86d3c5877d22b07ebc66b5ed1d84771e24b001844e29a5b6178dd"},
    {file = "grpcio-1.35.0-cp39-cp39-win_amd64.whl", hash = "sha256:399ee377b312ac652b07ef4365bbbba009da361fa7708c4d3d4ce383a1534ea7"},
    {file = "grpcio-1.35.0.tar.gz", hash = "sha256:7bd0ebbb14dde78bf66a1162efd29d3393e4e943952e2f339757aa48a184645c"},
]
grpcio-tools = [
    {file = "grpcio-tools-1.35.0.tar.gz", hash = "sha256:9e2a41cba9c5a20ae299d0fdd377fe231434fa04cbfbfb3807293c6ec10b03cf"},
    {file = "grpcio_tools-1.35.0-cp27-cp27m-macosx_10_10_x86_64.whl", hash = "sha256:cfa49e6d62b313862a6007ae02016bd89a2fa184b0aab0d0e524cb24ecc2fdb4"},
    {file = "grpcio_tools-1.35.0-cp27-cp27m-manylinux2010_i686.whl", hash = "sha256:f66cd905ffcbe2294c9dee6d0de8064c3a49861a9b1770c18cb8a15be3bc0da5"},
    {file = "grpcio_tools-1.35.0-cp27-cp27m-manylinux2010_x86_64.whl", hash = "sha256:56663ba4a49ca585e4333dfebc5ed7e91ad3d75b838aced4f922fb4e365376cc"},
    {file = "grpcio_tools-1.35.0-cp27-cp27m-win32.whl", hash = "sha256:252bfaa0004d80d927a77998c8b3a81fb47620e41af1664bdba8837d722c4ead"},
    {file = "grpcio_tools-1.35.0-cp27-cp27m-win_amd64.whl", hash = "sha256:ffa66fc4e80aff4f68599e786aa3295f4a0d6761ed63d75c32261f5de77aa0fd"},
    {file = "grpcio_tools-1.35.0-cp27-cp27mu-linux_armv7l.whl", hash = "sha256:3cea2d07343801cb2a0d2f71fe7d6d7ffa6fe8fc0e1f6243c6867d0bb04557a1"},
    {file = "grpcio_tools-1.35.0-cp27-cp27mu-manylinux2010_i686.whl", hash = "sha256:15c37528936774d8f734d75540848134fb5710ca27801ce4ac73c8a6cca0494e"},
    {file = "grpcio_tools-1.35.0-cp27-cp27mu-manylinux2010_x86_64.whl", hash = "sha256:f3861211a450a312b7645d4eaf16c78f1d9e896e58a8c3be871f5881362d3fee"},
    {file = "grpcio_tools-1.35.0-cp35-cp35m-linux_armv7l.whl", hash = "sha256:5fdb6a65f66ee6cdc49455ea03ca435ae86ef1869dc929a8652cc19b5f950d22"},
    {file = "grpcio_tools-1.35.0-cp35-cp35m-macosx_10_10_intel.whl", hash = "sha256:8bfd05f26af9ea069f2f3c48740a315470fc4a434189544fea3b3508b71be9a0"},
    {file = "grpcio_tools-1.35.0-cp35-cp35m-manylinux2010_i686.whl", hash = "sha256:f7074cfd79989424e4bd903ff5618c1420a7c81ad97836256f3927447b74c027"},
    {file = "grpcio_tools-1.35.0-cp35-cp35m-manylinux2010_x86_64.whl", hash = "sha256:adea0bd93978284f1590a3880d79621881f7029b2fac330f64f491af2b554707"},
    {file = "grpcio_tools-1.35.0-cp35-cp35m-manylinux2014_i686.whl", hash = "sha256:b23e0a64cdbf4c3bcdf8e6ad0cdd8b8a582a4c50d5ed4eddc4c81dc8d5ba0c60"},
    {file = "grpcio_tools-1.35.0-cp35-cp35m-manylinux2014_x86_64.whl", hash = "sha256:7cc68c42bcbebd76731686f22870930f110309e1e69244df428f8fb161b7645b"},
    {file = "grpcio_tools-1.35.0-cp35-cp35m-win32.whl", hash = "sha256:aa9cb65231a7efd77e83e149b1905335eda1bbadd301dd1bffcbfea69fd5bd56"},
    {file = "grpcio_tools-1.35.0-cp35-cp35m-win_amd64.whl", hash = "sha256:11e6dffd2e58737ade63a00a51da83b474b5740665914103f003049acff5be8e"},
    {file = "grpcio_tools-1.35.0-cp36-cp36m-linux_armv7l.whl", hash = "sha256:59d80997e780dc52911e263e30ca2334e7b3bd12c10dc81625dcc34273fa744b"},
    {file = "grpcio_tools-1.35.0-cp36-cp36m-macosx_10_10_x86_64.whl", hash = "sha256:179b2eb274d8c29e1e18c21fb69c5101e3196617c7abb193a80e194ea9b274be"},
    {file = "grpcio_tools-1.35.0-cp36-cp36m-manylinux2010_i686.whl", hash = "sha256:1687b0033beff82ac35f14fbbd5e7eb0cab39e60f8be0a25a7f4ba92d66578c8"},
    {file = "grpcio_tools-1.35.0-cp36-cp36m-manylinux2010_x86_64.whl", hash = "sha256:9e956751b1b96ce343088550d155827f8312d85f09067f6ede0a4778273b787b"},
    {file = "grpcio_tools-1.35.0-cp36-cp36m-manylinux2014_i686.whl", hash = "sha256:4ca85f9deee58473c017ee62aaa8c12dfda223eeabed5dd013c009af275bc4f2"},
    {file = "grpcio_tools-1.35.0-cp36-cp36m-manylinux2014_x86_64.whl", hash = "sha256:853d030ff74ce90244bb77c5a8d5c2b2d84b24df477fc422d44fa81d512124d6"},
    {file = "grpcio_tools-1.35.0-cp36-cp36m-win32.whl", hash = "sha256:add160d4697a5366ee1420b59621bde69a3eaaba35170e60bd376f0ea6e24fe5"},
    {file = "grpcio_tools-1.35.0-cp36-cp36m-win_amd64.whl", hash = "sha256:dbaaad0132a9e70439e93d26611443ee3aaaa62547b7d18655ac754b4984ea25"},
    {file = "grpcio_tools-1.35.0-cp37-cp37m-macosx_10_10_x86_64.whl", hash = "sha256:bbc6986e29ab3bb39db9a0e31cdbb0ced80cead2ef0453c40dfdfacbab505950"},
    {file = "grpcio_tools-1.35.0-cp37-cp37m-manylinux2010_i686.whl", hash = "sha256:8631df0e357b28da4ef617306a08f70c21cf85c049849f4a556b95069c146d61"},
    {file = "grpcio_tools-1.35.0-cp37-cp37m-manylinux2010_x86_64.whl", hash = "sha256:a6e2b07dbe25c6022eeae972b4eee2058836dea345a3253082524240a00daa9f"},
    {file = "grpcio_tools-1.35.0-cp37-cp37m-manylinux2014_i686.whl", hash = "sha256:30f83ccc6d09be07d7f15d05f29acd5017140f330ba3a218ae7b7e19db02bda6"},
    {file = "grpcio_tools-1.35.0-cp37-cp37m-manylinux2014_x86_64.whl", hash = "sha256:88184383f24af8f8cbbb4020846af53634d8632b486479a3b98ea29c1470372e"},
    {file = "grpcio_tools-1.35.0-cp37-cp37m-win32.whl", hash = "sha256:579cf4538d8ec25314c45ef84bb140fad8888446ed7a69913965fd7d9bc188d5"},
    {file = "grpcio_tools-1.35.0-cp37-cp37m-win_amd64.whl", hash = "sha256:9203e0105db476131f32ff3c3213b5aa6b77b25553ffe0d09d973913b2320856"},
    {file = "grpcio_tools-1.35.0-cp38-cp38-macosx_10_10_x86_64.whl", hash = "sha256:c910dec8903fb9d16fd1b111de57401a46e4d5f74c6d009a12a945d696603eb0"},
    {file = "grpcio_tools-1.35.0-cp38-cp38-manylinux2010_i686.whl", hash = "sha256:cc9bcd34a653c2353dd43fc395ceb560271551f2fae30bcafede2e4ad0c101c4"},
    {file = "grpcio_tools-1.35.0-cp38-cp38-manylinux2010_x86_64.whl", hash = "sha256:4241301b8e594c5c265f06c600b492372e867a4bb80dc205b545088c39e010d0"},
    {file = "grpcio_tools-1.35.0-cp38-cp38-manylinux2014_i686.whl", hash = "sha256:8bae2611a8e09617922ff4cb11de6fd5f59b91c75a14a318c7d378f427584be1"},
    {file = "grpcio_tools-1.35.0-cp38-cp38-manylinux2014_x86_64.whl", hash = "sha256:0d5028f548fa2b99494baf992dd0e23676361b1a217322be44f6c13b5133f6b3"},
    {file = "grpcio_tools-1.35.0-cp38-cp38-win32.whl", hash = "sha256:8d2c507c093a0ae3df62201ef92ceabcc34ac3f7e53026f12357f8c3641e809a"},
    {file = "grpcio_tools-1.35.0-cp38-cp38-win_amd64.whl", hash = "sha256:994adfe39a1755424e3c33c434786a9fa65090a50515303dfa8125cbec4a5940"},
    {file = "grpcio_tools-1.35.0-cp39-cp39-macosx_10_10_x86_64.whl", hash = "sha256:51bf36ae34f70a8d6ccee5d9d2e52a9e65251670b405f91b7b547a73788f90fb"},
    {file = "grpcio_tools-1.35.0-cp39-cp39-manylinux2010_i686.whl", hash = "sha256:e00dc8d641001409963f78b0b8bf83834eb87c0090357ebc862f874dd0e6dbb5"},
    {file = "grpcio_tools-1.35.0-cp39-cp39-manylinux2010_x86_64.whl", hash = "sha256:5f279dee8b77bf93996592ada3bf56ad44fa9b0e780099172f1a7093a506eb67"},
    {file = "grpcio_tools-1.35.0-cp39-cp39-manylinux2014_i686.whl", hash = "sha256:713b496dd02fc868da0d59cc09536c62452d52035d0b694204d5054e75fe4929"},
    {file = "grpcio_tools-1.35.0-cp39-cp39-manylinux2014_x86_64.whl", hash = "sha256:15fa3c66e6b0ba2e434eccf8cdbce68e4e37b5fe440dbeffb9efd599aa23910f"},
    {file = "grpcio_tools-1.35.0-cp39-cp39-win32.whl", hash = "sha256:ee0f750b5d8d628349e903438bb506196c4c5cee0007e81800d95cd0a2b23e6f"},
    {file = "grpcio_tools-1.35.0-cp39-cp39-win_amd64.whl", hash = "sha256:c8451c60e106310436c123f3243c115db21ccb957402edbe73b1bb68276e4aa4"},
]
importlib-metadata = [
    {file = "importlib_metadata-3.4.0-py3-none-any.whl", hash = "sha256:ace61d5fc652dc280e7b6b4ff732a9c2d40db2c0f92bc6cb74e07b73d53a1771"},
    {file = "importlib_metadata-3.4.0.tar.gz", hash = "sha256:fa5daa4477a7414ae34e95942e4dd07f62adf589143c875c133c1e53c4eff38d"},
]
iniconfig = [
    {file = "iniconfig-1.1.1-py2.py3-none-any.whl", hash = "sha256:011e24c64b7f47f6ebd835bb12a743f2fbe9a26d4cecaa7f53bc4f35ee9da8b3"},
    {file = "iniconfig-1.1.1.tar.gz", hash = "sha256:bc3af051d7d14b2ee5ef9969666def0cd1a000e121eaea580d4a313df4b37f32"},
]
itsdangerous = [
    {file = "itsdangerous-1.1.0-py2.py3-none-any.whl", hash = "sha256:b12271b2047cb23eeb98c8b5622e2e5c5e9abd9784a153e9d8ef9cb4dd09d749"},
    {file = "itsdangerous-1.1.0.tar.gz", hash = "sha256:321b033d07f2a4136d3ec762eac9f16a10ccd60f53c0c91af90217ace7ba1f19"},
]
jinja2 = [
    {file = "Jinja2-2.11.3-py2.py3-none-any.whl", hash = "sha256:03e47ad063331dd6a3f04a43eddca8a966a26ba0c5b7207a9a9e4e08f1b29419"},
    {file = "Jinja2-2.11.3.tar.gz", hash = "sha256:a6d58433de0ae800347cab1fa3043cebbabe8baa9d29e668f1c768cb87a333c6"},
]
markupsafe = [
    {file = "MarkupSafe-1.1.1-cp27-cp27m-macosx_10_6_intel.whl", hash = "sha256:09027a7803a62ca78792ad89403b1b7a73a01c8cb65909cd876f7fcebd79b161"},
    {file = "MarkupSafe-1.1.1-cp27-cp27m-manylinux1_i686.whl", hash = "sha256:e249096428b3ae81b08327a63a485ad0878de3fb939049038579ac0ef61e17e7"},
    {file = "MarkupSafe-1.1.1-cp27-cp27m-manylinux1_x86_64.whl", hash = "sha256:500d4957e52ddc3351cabf489e79c91c17f6e0899158447047588650b5e69183"},
    {file = "MarkupSafe-1.1.1-cp27-cp27m-win32.whl", hash = "sha256:b2051432115498d3562c084a49bba65d97cf251f5a331c64a12ee7e04dacc51b"},
    {file = "MarkupSafe-1.1.1-cp27-cp27m-win_amd64.whl", hash = "sha256:98c7086708b163d425c67c7a91bad6e466bb99d797aa64f965e9d25c12111a5e"},
    {file = "MarkupSafe-1.1.1-cp27-cp27mu-manylinux1_i686.whl", hash = "sha256:cd5df75523866410809ca100dc9681e301e3c27567cf498077e8551b6d20e42f"},
    {file = "MarkupSafe-1.1.1-cp27-cp27mu-manylinux1_x86_64.whl", hash = "sha256:43a55c2930bbc139570ac2452adf3d70cdbb3cfe5912c71cdce1c2c6bbd9c5d1"},
    {file = "MarkupSafe-1.1.1-cp34-cp34m-macosx_10_6_intel.whl", hash = "sha256:1027c282dad077d0bae18be6794e6b6b8c91d58ed8a8d89a89d59693b9131db5"},
    {file = "MarkupSafe-1.1.1-cp34-cp34m-manylinux1_i686.whl", hash = "sha256:62fe6c95e3ec8a7fad637b7f3d372c15ec1caa01ab47926cfdf7a75b40e0eac1"},
    {file = "MarkupSafe-1.1.1-cp34-cp34m-manylinux1_x86_64.whl", hash = "sha256:88e5fcfb52ee7b911e8bb6d6aa2fd21fbecc674eadd44118a9cc3863f938e735"},
    {file = "MarkupSafe-1.1.1-cp34-cp34m-win32.whl", hash = "sha256:ade5e387d2ad0d7ebf59146cc00c8044acbd863725f887353a10df825fc8ae21"},
    {file = "MarkupSafe-1.1.1-cp34-cp34m-win_amd64.whl", hash = "sha256:09c4b7f37d6c648cb13f9230d847adf22f8171b1ccc4d5682398e77f40309235"},
    {file = "MarkupSafe-1.1.1-cp35-cp35m-macosx_10_6_intel.whl", hash = "sha256:79855e1c5b8da654cf486b830bd42c06e8780cea587384cf6545b7d9ac013a0b"},
    {file = "MarkupSafe-1.1.1-cp35-cp35m-manylinux1_i686.whl", hash = "sha256:c8716a48d94b06bb3b2524c2b77e055fb313aeb4ea620c8dd03a105574ba704f"},
    {file = "MarkupSafe-1.1.1-cp35-cp35m-manylinux1_x86_64.whl", hash = "sha256:7c1699dfe0cf8ff607dbdcc1e9b9af1755371f92a68f706051cc8c37d447c905"},
    {file = "MarkupSafe-1.1.1-cp35-cp35m-win32.whl", hash = "sha256:6dd73240d2af64df90aa7c4e7481e23825ea70af4b4922f8ede5b9e35f78a3b1"},
    {file = "MarkupSafe-1.1.1-cp35-cp35m-win_amd64.whl", hash = "sha256:9add70b36c5666a2ed02b43b335fe19002ee5235efd4b8a89bfcf9005bebac0d"},
    {file = "MarkupSafe-1.1.1-cp36-cp36m-macosx_10_6_intel.whl", hash = "sha256:24982cc2533820871eba85ba648cd53d8623687ff11cbb805be4ff7b4c971aff"},
    {file = "MarkupSafe-1.1.1-cp36-cp36m-macosx_10_9_x86_64.whl", hash = "sha256:d53bc011414228441014aa71dbec320c66468c1030aae3a6e29778a3382d96e5"},
    {file = "MarkupSafe-1.1.1-cp36-cp36m-manylinux1_i686.whl", hash = "sha256:00bc623926325b26bb9605ae9eae8a215691f33cae5df11ca5424f06f2d1f473"},
    {file = "MarkupSafe-1.1.1-cp36-cp36m-manylinux1_x86_64.whl", hash = "sha256:717ba8fe3ae9cc0006d7c451f0bb265ee07739daf76355d06366154ee68d221e"},
    {file = "MarkupSafe-1.1.1-cp36-cp36m-manylinux2010_i686.whl", hash = "sha256:3b8a6499709d29c2e2399569d96719a1b21dcd94410a586a18526b143ec8470f"},
    {file = "MarkupSafe-1.1.1-cp36-cp36m-manylinux2010_x86_64.whl", hash = "sha256:84dee80c15f1b560d55bcfe6d47b27d070b4681c699c572af2e3c7cc90a3b8e0"},
    {file = "MarkupSafe-1.1.1-cp36-cp36m-manylinux2014_aarch64.whl", hash = "sha256:b1dba4527182c95a0db8b6060cc98ac49b9e2f5e64320e2b56e47cb2831978c7"},
    {file = "MarkupSafe-1.1.1-cp36-cp36m-win32.whl", hash = "sha256:535f6fc4d397c1563d08b88e485c3496cf5784e927af890fb3c3aac7f933ec66"},
    {file = "MarkupSafe-1.1.1-cp36-cp36m-win_amd64.whl", hash = "sha256:b1282f8c00509d99fef04d8ba936b156d419be841854fe901d8ae224c59f0be5"},
    {file = "MarkupSafe-1.1.1-cp37-cp37m-macosx_10_6_intel.whl", hash = "sha256:8defac2f2ccd6805ebf65f5eeb132adcf2ab57aa11fdf4c0dd5169a004710e7d"},
    {file = "MarkupSafe-1.1.1-cp37-cp37m-macosx_10_9_x86_64.whl", hash = "sha256:bf5aa3cbcfdf57fa2ee9cd1822c862ef23037f5c832ad09cfea57fa846dec193"},
    {file = "MarkupSafe-1.1.1-cp37-cp37m-manylinux1_i686.whl", hash = "sha256:46c99d2de99945ec5cb54f23c8cd5689f6d7177305ebff350a58ce5f8de1669e"},
    {file = "MarkupSafe-1.1.1-cp37-cp37m-manylinux1_x86_64.whl", hash = "sha256:ba59edeaa2fc6114428f1637ffff42da1e311e29382d81b339c1817d37ec93c6"},
    {file = "MarkupSafe-1.1.1-cp37-cp37m-manylinux2010_i686.whl", hash = "sha256:6fffc775d90dcc9aed1b89219549b329a9250d918fd0b8fa8d93d154918422e1"},
    {file = "MarkupSafe-1.1.1-cp37-cp37m-manylinux2010_x86_64.whl", hash = "sha256:a6a744282b7718a2a62d2ed9d993cad6f5f585605ad352c11de459f4108df0a1"},
    {file = "MarkupSafe-1.1.1-cp37-cp37m-manylinux2014_aarch64.whl", hash = "sha256:195d7d2c4fbb0ee8139a6cf67194f3973a6b3042d742ebe0a9ed36d8b6f0c07f"},
    {file = "MarkupSafe-1.1.1-cp37-cp37m-win32.whl", hash = "sha256:b00c1de48212e4cc9603895652c5c410df699856a2853135b3967591e4beebc2"},
    {file = "MarkupSafe-1.1.1-cp37-cp37m-win_amd64.whl", hash = "sha256:9bf40443012702a1d2070043cb6291650a0841ece432556f784f004937f0f32c"},
    {file = "MarkupSafe-1.1.1-cp38-cp38-macosx_10_9_x86_64.whl", hash = "sha256:6788b695d50a51edb699cb55e35487e430fa21f1ed838122d722e0ff0ac5ba15"},
    {file = "MarkupSafe-1.1.1-cp38-cp38-manylinux1_i686.whl", hash = "sha256:cdb132fc825c38e1aeec2c8aa9338310d29d337bebbd7baa06889d09a60a1fa2"},
    {file = "MarkupSafe-1.1.1-cp38-cp38-manylinux1_x86_64.whl", hash = "sha256:13d3144e1e340870b25e7b10b98d779608c02016d5184cfb9927a9f10c689f42"},
    {file = "MarkupSafe-1.1.1-cp38-cp38-manylinux2010_i686.whl", hash = "sha256:acf08ac40292838b3cbbb06cfe9b2cb9ec78fce8baca31ddb87aaac2e2dc3bc2"},
    {file = "MarkupSafe-1.1.1-cp38-cp38-manylinux2010_x86_64.whl", hash = "sha256:d9be0ba6c527163cbed5e0857c451fcd092ce83947944d6c14bc95441203f032"},
    {file = "MarkupSafe-1.1.1-cp38-cp38-manylinux2014_aarch64.whl", hash = "sha256:caabedc8323f1e93231b52fc32bdcde6db817623d33e100708d9a68e1f53b26b"},
    {file = "MarkupSafe-1.1.1-cp38-cp38-win32.whl", hash = "sha256:596510de112c685489095da617b5bcbbac7dd6384aeebeda4df6025d0256a81b"},
    {file = "MarkupSafe-1.1.1-cp38-cp38-win_amd64.whl", hash = "sha256:e8313f01ba26fbbe36c7be1966a7b7424942f670f38e666995b88d012765b9be"},
    {file = "MarkupSafe-1.1.1-cp39-cp39-macosx_10_9_x86_64.whl", hash = "sha256:d73a845f227b0bfe8a7455ee623525ee656a9e2e749e4742706d80a6065d5e2c"},
    {file = "MarkupSafe-1.1.1-cp39-cp39-manylinux1_i686.whl", hash = "sha256:98bae9582248d6cf62321dcb52aaf5d9adf0bad3b40582925ef7c7f0ed85fceb"},
    {file = "MarkupSafe-1.1.1-cp39-cp39-manylinux1_x86_64.whl", hash = "sha256:2beec1e0de6924ea551859edb9e7679da6e4870d32cb766240ce17e0a0ba2014"},
    {file = "MarkupSafe-1.1.1-cp39-cp39-manylinux2010_i686.whl", hash = "sha256:7fed13866cf14bba33e7176717346713881f56d9d2bcebab207f7a036f41b850"},
    {file = "MarkupSafe-1.1.1-cp39-cp39-manylinux2010_x86_64.whl", hash = "sha256:6f1e273a344928347c1290119b493a1f0303c52f5a5eae5f16d74f48c15d4a85"},
    {file = "MarkupSafe-1.1.1-cp39-cp39-manylinux2014_aarch64.whl", hash = "sha256:feb7b34d6325451ef96bc0e36e1a6c0c1c64bc1fbec4b854f4529e51887b1621"},
    {file = "MarkupSafe-1.1.1-cp39-cp39-win32.whl", hash = "sha256:22c178a091fc6630d0d045bdb5992d2dfe14e3259760e713c490da5323866c39"},
    {file = "MarkupSafe-1.1.1-cp39-cp39-win_amd64.whl", hash = "sha256:b7d644ddb4dbd407d31ffb699f1d140bc35478da613b441c582aeb7c43838dd8"},
    {file = "MarkupSafe-1.1.1.tar.gz", hash = "sha256:29872e92839765e546828bb7754a68c418d927cd064fd4708fab9fe9c8bb116b"},
]
packaging = [
    {file = "packaging-20.9-py2.py3-none-any.whl", hash = "sha256:67714da7f7bc052e064859c05c595155bd1ee9f69f76557e21f051443c20947a"},
    {file = "packaging-20.9.tar.gz", hash = "sha256:5b327ac1320dc863dca72f4514ecc086f31186744b84a230374cc1fd776feae5"},
]
pluggy = [
    {file = "pluggy-0.13.1-py2.py3-none-any.whl", hash = "sha256:966c145cd83c96502c3c3868f50408687b38434af77734af1e9ca461a4081d2d"},
    {file = "pluggy-0.13.1.tar.gz", hash = "sha256:15b2acde666561e1298d71b523007ed7364de07029219b604cf808bfa1c765b0"},
]
protobuf = [
    {file = "protobuf-3.14.0-cp27-cp27m-macosx_10_9_x86_64.whl", hash = "sha256:629b03fd3caae7f815b0c66b41273f6b1900a579e2ccb41ef4493a4f5fb84f3a"},
    {file = "protobuf-3.14.0-cp27-cp27mu-manylinux1_x86_64.whl", hash = "sha256:5b7a637212cc9b2bcf85dd828b1178d19efdf74dbfe1ddf8cd1b8e01fdaaa7f5"},
    {file = "protobuf-3.14.0-cp35-cp35m-macosx_10_9_intel.whl", hash = "sha256:43b554b9e73a07ba84ed6cf25db0ff88b1e06be610b37656e292e3cbb5437472"},
    {file = "protobuf-3.14.0-cp35-cp35m-manylinux1_x86_64.whl", hash = "sha256:5e9806a43232a1fa0c9cf5da8dc06f6910d53e4390be1fa06f06454d888a9142"},
    {file = "protobuf-3.14.0-cp35-cp35m-win32.whl", hash = "sha256:1c51fda1bbc9634246e7be6016d860be01747354ed7015ebe38acf4452f470d2"},
    {file = "protobuf-3.14.0-cp35-cp35m-win_amd64.whl", hash = "sha256:4b74301b30513b1a7494d3055d95c714b560fbb630d8fb9956b6f27992c9f980"},
    {file = "protobuf-3.14.0-cp36-cp36m-macosx_10_9_x86_64.whl", hash = "sha256:86a75477addde4918e9a1904e5c6af8d7b691f2a3f65587d73b16100fbe4c3b2"},
    {file = "protobuf-3.14.0-cp36-cp36m-manylinux1_x86_64.whl", hash = "sha256:ecc33531a213eee22ad60e0e2aaea6c8ba0021f0cce35dbf0ab03dee6e2a23a1"},
    {file = "protobuf-3.14.0-cp36-cp36m-win32.whl", hash = "sha256:72230ed56f026dd664c21d73c5db73ebba50d924d7ba6b7c0d81a121e390406e"},
    {file = "protobuf-3.14.0-cp36-cp36m-win_amd64.whl", hash = "sha256:0fc96785262042e4863b3f3b5c429d4636f10d90061e1840fce1baaf59b1a836"},
    {file = "protobuf-3.14.0-cp37-cp37m-macosx_10_9_x86_64.whl", hash = "sha256:4e75105c9dfe13719b7293f75bd53033108f4ba03d44e71db0ec2a0e8401eafd"},
    {file = "protobuf-3.14.0-cp37-cp37m-manylinux1_x86_64.whl", hash = "sha256:2a7e2fe101a7ace75e9327b9c946d247749e564a267b0515cf41dfe450b69bac"},
    {file = "protobuf-3.14.0-cp37-cp37m-win32.whl", hash = "sha256:b0d5d35faeb07e22a1ddf8dce620860c8fe145426c02d1a0ae2688c6e8ede36d"},
    {file = "protobuf-3.14.0-cp37-cp37m-win_amd64.whl", hash = "sha256:8971c421dbd7aad930c9bd2694122f332350b6ccb5202a8b7b06f3f1a5c41ed5"},
    {file = "protobuf-3.14.0-cp38-cp38-macosx_10_9_x86_64.whl", hash = "sha256:9616f0b65a30851e62f1713336c931fcd32c057202b7ff2cfbfca0fc7d5e3043"},
    {file = "protobuf-3.14.0-cp38-cp38-manylinux1_x86_64.whl", hash = "sha256:22bcd2e284b3b1d969c12e84dc9b9a71701ec82d8ce975fdda19712e1cfd4e00"},
    {file = "protobuf-3.14.0-py2.py3-none-any.whl", hash = "sha256:0e247612fadda953047f53301a7b0407cb0c3cb4ae25a6fde661597a04039b3c"},
    {file = "protobuf-3.14.0.tar.gz", hash = "sha256:1d63eb389347293d8915fb47bee0951c7b5dab522a4a60118b9a18f33e21f8ce"},
]
py = [
    {file = "py-1.10.0-py2.py3-none-any.whl", hash = "sha256:3b80836aa6d1feeaa108e046da6423ab8f6ceda6468545ae8d02d9d58d18818a"},
    {file = "py-1.10.0.tar.gz", hash = "sha256:21b81bda15b66ef5e1a777a21c4dcd9c20ad3efd0b3f817e7a809035269e1bd3"},
]
pyparsing = [
    {file = "pyparsing-2.4.7-py2.py3-none-any.whl", hash = "sha256:ef9d7589ef3c200abe66653d3f1ab1033c3c419ae9b9bdb1240a85b024efc88b"},
    {file = "pyparsing-2.4.7.tar.gz", hash = "sha256:c203ec8783bf771a155b207279b9bccb8dea02d8f0c9e5f8ead507bc3246ecc1"},
]
pytest = [
    {file = "pytest-6.2.2-py3-none-any.whl", hash = "sha256:b574b57423e818210672e07ca1fa90aaf194a4f63f3ab909a2c67ebb22913839"},
    {file = "pytest-6.2.2.tar.gz", hash = "sha256:9d1edf9e7d0b84d72ea3dbcdfd22b35fb543a5e8f2a60092dd578936bf63d7f9"},
]
six = [
    {file = "six-1.15.0-py2.py3-none-any.whl", hash = "sha256:8b74bedcbbbaca38ff6d7491d76f2b06b3592611af620f8426e82dddb04a5ced"},
    {file = "six-1.15.0.tar.gz", hash = "sha256:30639c035cdb23534cd4aa2dd52c3bf48f06e5f4a941509c8bafd8ce11080259"},
]
toml = [
    {file = "toml-0.10.2-py2.py3-none-any.whl", hash = "sha256:806143ae5bfb6a3c6e736a764057db0e6a0e05e338b5630894a5f779cabb4f9b"},
    {file = "toml-0.10.2.tar.gz", hash = "sha256:b3bda1d108d5dd99f4a20d24d9c348e91c4db7ab1b749200bded2f839ccbe68f"},
]
typing-extensions = [
    {file = "typing_extensions-3.7.4.3-py2-none-any.whl", hash = "sha256:dafc7639cde7f1b6e1acc0f457842a83e722ccca8eef5270af2d74792619a89f"},
    {file = "typing_extensions-3.7.4.3-py3-none-any.whl", hash = "sha256:7cb407020f00f7bfc3cb3e7881628838e69d8f3fcab2f64742a5e76b2f841918"},
    {file = "typing_extensions-3.7.4.3.tar.gz", hash = "sha256:99d4073b617d30288f569d3f13d2bd7548c3a7e4c8de87db09a9d29bb3a4a60c"},
]
werkzeug = [
    {file = "Werkzeug-1.0.1-py2.py3-none-any.whl", hash = "sha256:2de2a5db0baeae7b2d2664949077c2ac63fbd16d98da0ff71837f7d1dea3fd43"},
    {file = "Werkzeug-1.0.1.tar.gz", hash = "sha256:6c80b1e5ad3665290ea39320b91e1be1e0d5f60652b964a3070216de83d2e47c"},
]
zipp = [
    {file = "zipp-3.4.0-py3-none-any.whl", hash = "sha256:102c24ef8f171fd729d46599845e95c7ab894a4cf45f5de11a44cc7444fb1108"},
    {file = "zipp-3.4.0.tar.gz", hash = "sha256:ed5eee1974372595f9e416cc7bbeeb12335201d8081ca8a0743c954d4446e5cb"},
]
