[[package]]
name = "appdirs"
version = "1.4.4"
description = "A small Python module for determining appropriate platform-specific dirs, e.g. a \"user data dir\"."
category = "dev"
optional = false
python-versions = "*"

[[package]]
name = "atomicwrites"
version = "1.4.0"
description = "Atomic file writes."
category = "dev"
optional = false
python-versions = ">=2.7, !=3.0.*, !=3.1.*, !=3.2.*, !=3.3.*"

[[package]]
name = "attrs"
version = "20.3.0"
description = "Classes Without Boilerplate"
category = "dev"
optional = false
python-versions = ">=2.7, !=3.0.*, !=3.1.*, !=3.2.*, !=3.3.*"

[package.extras]
dev = ["coverage[toml] (>=5.0.2)", "hypothesis", "pympler", "pytest (>=4.3.0)", "six", "zope.interface", "furo", "sphinx", "pre-commit"]
docs = ["furo", "sphinx", "zope.interface"]
tests = ["coverage[toml] (>=5.0.2)", "hypothesis", "pympler", "pytest (>=4.3.0)", "six", "zope.interface"]
tests_no_zope = ["coverage[toml] (>=5.0.2)", "hypothesis", "pympler", "pytest (>=4.3.0)", "six"]

[[package]]
name = "colorama"
version = "0.4.4"
description = "Cross-platform colored terminal text."
category = "dev"
optional = false
python-versions = ">=2.7, !=3.0.*, !=3.1.*, !=3.2.*, !=3.3.*, !=3.4.*"

[[package]]
name = "coverage"
version = "5.4"
description = "Code coverage measurement for Python"
category = "dev"
optional = false
python-versions = ">=2.7, !=3.0.*, !=3.1.*, !=3.2.*, !=3.3.*, !=3.4.*, <4"

[package.dependencies]
toml = {version = "*", optional = true, markers = "extra == \"toml\""}

[package.extras]
toml = ["toml"]

[[package]]
name = "debugpy"
version = "1.2.1"
description = "An implementation of the Debug Adapter Protocol for Python"
category = "dev"
optional = false
python-versions = ">=2.7,!=3.0.*,!=3.1.*,!=3.2.*,!=3.3.*,!=3.4.*"

[[package]]
name = "identify"
version = "1.5.13"
description = "File identification library for Python"
category = "dev"
optional = false
python-versions = "!=3.0.*,!=3.1.*,!=3.2.*,!=3.3.*,>=2.7"

[package.extras]
license = ["editdistance"]

[[package]]
name = "importlib-metadata"
version = "3.4.0"
description = "Read metadata from Python packages"
category = "dev"
optional = false
python-versions = ">=3.6"

[package.dependencies]
typing-extensions = {version = ">=3.6.4", markers = "python_version < \"3.8\""}
zipp = ">=0.5"

[package.extras]
docs = ["sphinx", "jaraco.packaging (>=8.2)", "rst.linker (>=1.9)"]
testing = ["pytest (>=3.5,!=3.7.3)", "pytest-checkdocs (>=1.2.3)", "pytest-flake8", "pytest-cov", "pytest-enabler", "packaging", "pep517", "pyfakefs", "flufl.flake8", "pytest-black (>=0.3.7)", "pytest-mypy", "importlib-resources (>=1.3)"]

[[package]]
name = "iniconfig"
version = "1.1.1"
description = "iniconfig: brain-dead simple config-ini parsing"
category = "dev"
optional = false
python-versions = "*"

[[package]]
<<<<<<< HEAD
=======
name = "itsdangerous"
version = "1.1.0"
description = "Various helpers to pass data to untrusted environments and back."
category = "main"
optional = false
python-versions = ">=2.7, !=3.0.*, !=3.1.*, !=3.2.*, !=3.3.*"

[[package]]
name = "jinja2"
version = "2.11.3"
description = "A very fast and expressive template engine."
category = "main"
optional = false
python-versions = ">=2.7, !=3.0.*, !=3.1.*, !=3.2.*, !=3.3.*, !=3.4.*"

[package.dependencies]
MarkupSafe = ">=0.23"

[package.extras]
i18n = ["Babel (>=0.8)"]

[[package]]
name = "markupsafe"
version = "1.1.1"
description = "Safely add untrusted strings to HTML/XML markup."
category = "main"
optional = false
python-versions = ">=2.7,!=3.0.*,!=3.1.*,!=3.2.*,!=3.3.*"

[[package]]
name = "nodeenv"
version = "1.5.0"
description = "Node.js virtual environment builder"
category = "dev"
optional = false
python-versions = "*"

[[package]]
name = "packaging"
version = "20.9"
description = "Core utilities for Python packages"
category = "dev"
optional = false
python-versions = ">=2.7, !=3.0.*, !=3.1.*, !=3.2.*, !=3.3.*"

[package.dependencies]
pyparsing = ">=2.0.2"

[[package]]
name = "pluggy"
version = "0.13.1"
description = "plugin and hook calling mechanisms for python"
category = "dev"
optional = false
python-versions = ">=2.7, !=3.0.*, !=3.1.*, !=3.2.*, !=3.3.*"

[package.dependencies]
importlib-metadata = {version = ">=0.12", markers = "python_version < \"3.8\""}

[package.extras]
dev = ["pre-commit", "tox"]

[[package]]
name = "py"
version = "1.10.0"
description = "library with cross-python path, ini-parsing, io, code, log facilities"
category = "dev"
optional = false
python-versions = ">=2.7, !=3.0.*, !=3.1.*, !=3.2.*, !=3.3.*"

[[package]]
name = "pyparsing"
version = "2.4.7"
description = "Python parsing module"
category = "dev"
optional = false
python-versions = ">=2.6, !=3.0.*, !=3.1.*, !=3.2.*"

[[package]]
name = "pytest"
version = "6.2.2"
description = "pytest: simple powerful testing with Python"
category = "dev"
optional = false
python-versions = ">=3.6"

[package.dependencies]
atomicwrites = {version = ">=1.0", markers = "sys_platform == \"win32\""}
attrs = ">=19.2.0"
colorama = {version = "*", markers = "sys_platform == \"win32\""}
importlib-metadata = {version = ">=0.12", markers = "python_version < \"3.8\""}
iniconfig = "*"
packaging = "*"
pluggy = ">=0.12,<1.0.0a1"
py = ">=1.8.2"
toml = "*"

[package.extras]
testing = ["argcomplete", "hypothesis (>=3.56)", "mock", "nose", "requests", "xmlschema"]

[[package]]
name = "pytest-cov"
version = "2.11.1"
description = "Pytest plugin for measuring coverage."
category = "dev"
optional = false
python-versions = ">=2.7, !=3.0.*, !=3.1.*, !=3.2.*, !=3.3.*, !=3.4.*"

[package.dependencies]
coverage = ">=5.2.1"
pytest = ">=4.6"

[package.extras]
testing = ["fields", "hunter", "process-tests (==2.0.2)", "six", "pytest-xdist", "virtualenv"]

[[package]]
name = "toml"
version = "0.10.2"
description = "Python Library for Tom's Obvious, Minimal Language"
category = "dev"
optional = false
python-versions = ">=2.6, !=3.0.*, !=3.1.*, !=3.2.*"

[[package]]
name = "typing-extensions"
version = "3.7.4.3"
description = "Backported and Experimental Type Hints for Python 3.5+"
category = "dev"
optional = false
python-versions = "*"

[[package]]
name = "zipp"
version = "3.4.0"
description = "Backport of pathlib-compatible object wrapper for zip files"
category = "dev"
optional = false
python-versions = ">=3.6"

[package.extras]
docs = ["sphinx", "jaraco.packaging (>=3.2)", "rst.linker (>=1.9)"]
testing = ["pytest (>=3.5,!=3.7.3)", "pytest-checkdocs (>=1.2.3)", "pytest-flake8", "pytest-cov", "jaraco.test (>=3.2.0)", "jaraco.itertools", "func-timeout", "pytest-black (>=0.3.7)", "pytest-mypy"]

[metadata]
lock-version = "1.1"
python-versions = "^3.7"
content-hash = "954f9d2f8e661747835060a4c86ef1782dcde45012e19a2a7aae6ed4b5e8c38e"

[metadata.files]
appdirs = [
    {file = "appdirs-1.4.4-py2.py3-none-any.whl", hash = "sha256:a841dacd6b99318a741b166adb07e19ee71a274450e68237b4650ca1055ab128"},
    {file = "appdirs-1.4.4.tar.gz", hash = "sha256:7d5d0167b2b1ba821647616af46a749d1c653740dd0d2415100fe26e27afdf41"},
]
atomicwrites = [
    {file = "atomicwrites-1.4.0-py2.py3-none-any.whl", hash = "sha256:6d1784dea7c0c8d4a5172b6c620f40b6e4cbfdf96d783691f2e1302a7b88e197"},
    {file = "atomicwrites-1.4.0.tar.gz", hash = "sha256:ae70396ad1a434f9c7046fd2dd196fc04b12f9e91ffb859164193be8b6168a7a"},
]
attrs = [
    {file = "attrs-20.3.0-py2.py3-none-any.whl", hash = "sha256:31b2eced602aa8423c2aea9c76a724617ed67cf9513173fd3a4f03e3a929c7e6"},
    {file = "attrs-20.3.0.tar.gz", hash = "sha256:832aa3cde19744e49938b91fea06d69ecb9e649c93ba974535d08ad92164f700"},
]
colorama = [
    {file = "colorama-0.4.4-py2.py3-none-any.whl", hash = "sha256:9f47eda37229f68eee03b24b9748937c7dc3868f906e8ba69fbcbdd3bc5dc3e2"},
    {file = "colorama-0.4.4.tar.gz", hash = "sha256:5941b2b48a20143d2267e95b1c2a7603ce057ee39fd88e7329b0c292aa16869b"},
]
coverage = [
    {file = "coverage-5.4-cp27-cp27m-macosx_10_9_x86_64.whl", hash = "sha256:6d9c88b787638a451f41f97446a1c9fd416e669b4d9717ae4615bd29de1ac135"},
    {file = "coverage-5.4-cp27-cp27m-manylinux1_i686.whl", hash = "sha256:66a5aae8233d766a877c5ef293ec5ab9520929c2578fd2069308a98b7374ea8c"},
    {file = "coverage-5.4-cp27-cp27m-manylinux1_x86_64.whl", hash = "sha256:9754a5c265f991317de2bac0c70a746efc2b695cf4d49f5d2cddeac36544fb44"},
    {file = "coverage-5.4-cp27-cp27m-manylinux2010_i686.whl", hash = "sha256:fbb17c0d0822684b7d6c09915677a32319f16ff1115df5ec05bdcaaee40b35f3"},
    {file = "coverage-5.4-cp27-cp27m-manylinux2010_x86_64.whl", hash = "sha256:b7f7421841f8db443855d2854e25914a79a1ff48ae92f70d0a5c2f8907ab98c9"},
    {file = "coverage-5.4-cp27-cp27m-win32.whl", hash = "sha256:4a780807e80479f281d47ee4af2eb2df3e4ccf4723484f77da0bb49d027e40a1"},
    {file = "coverage-5.4-cp27-cp27m-win_amd64.whl", hash = "sha256:87c4b38288f71acd2106f5d94f575bc2136ea2887fdb5dfe18003c881fa6b370"},
    {file = "coverage-5.4-cp27-cp27mu-manylinux1_i686.whl", hash = "sha256:c6809ebcbf6c1049002b9ac09c127ae43929042ec1f1dbd8bb1615f7cd9f70a0"},
    {file = "coverage-5.4-cp27-cp27mu-manylinux1_x86_64.whl", hash = "sha256:ba7ca81b6d60a9f7a0b4b4e175dcc38e8fef4992673d9d6e6879fd6de00dd9b8"},
    {file = "coverage-5.4-cp27-cp27mu-manylinux2010_i686.whl", hash = "sha256:89fc12c6371bf963809abc46cced4a01ca4f99cba17be5e7d416ed7ef1245d19"},
    {file = "coverage-5.4-cp27-cp27mu-manylinux2010_x86_64.whl", hash = "sha256:4a8eb7785bd23565b542b01fb39115a975fefb4a82f23d407503eee2c0106247"},
    {file = "coverage-5.4-cp35-cp35m-macosx_10_9_x86_64.whl", hash = "sha256:7e40d3f8eb472c1509b12ac2a7e24158ec352fc8567b77ab02c0db053927e339"},
    {file = "coverage-5.4-cp35-cp35m-manylinux1_i686.whl", hash = "sha256:1ccae21a076d3d5f471700f6d30eb486da1626c380b23c70ae32ab823e453337"},
    {file = "coverage-5.4-cp35-cp35m-manylinux1_x86_64.whl", hash = "sha256:755c56beeacac6a24c8e1074f89f34f4373abce8b662470d3aa719ae304931f3"},
    {file = "coverage-5.4-cp35-cp35m-manylinux2010_i686.whl", hash = "sha256:322549b880b2d746a7672bf6ff9ed3f895e9c9f108b714e7360292aa5c5d7cf4"},
    {file = "coverage-5.4-cp35-cp35m-manylinux2010_x86_64.whl", hash = "sha256:60a3307a84ec60578accd35d7f0c71a3a971430ed7eca6567399d2b50ef37b8c"},
    {file = "coverage-5.4-cp35-cp35m-win32.whl", hash = "sha256:1375bb8b88cb050a2d4e0da901001347a44302aeadb8ceb4b6e5aa373b8ea68f"},
    {file = "coverage-5.4-cp35-cp35m-win_amd64.whl", hash = "sha256:16baa799ec09cc0dcb43a10680573269d407c159325972dd7114ee7649e56c66"},
    {file = "coverage-5.4-cp36-cp36m-macosx_10_9_x86_64.whl", hash = "sha256:2f2cf7a42d4b7654c9a67b9d091ec24374f7c58794858bff632a2039cb15984d"},
    {file = "coverage-5.4-cp36-cp36m-manylinux1_i686.whl", hash = "sha256:b62046592b44263fa7570f1117d372ae3f310222af1fc1407416f037fb3af21b"},
    {file = "coverage-5.4-cp36-cp36m-manylinux1_x86_64.whl", hash = "sha256:812eaf4939ef2284d29653bcfee9665f11f013724f07258928f849a2306ea9f9"},
    {file = "coverage-5.4-cp36-cp36m-manylinux2010_i686.whl", hash = "sha256:859f0add98707b182b4867359e12bde806b82483fb12a9ae868a77880fc3b7af"},
    {file = "coverage-5.4-cp36-cp36m-manylinux2010_x86_64.whl", hash = "sha256:04b14e45d6a8e159c9767ae57ecb34563ad93440fc1b26516a89ceb5b33c1ad5"},
    {file = "coverage-5.4-cp36-cp36m-win32.whl", hash = "sha256:ebfa374067af240d079ef97b8064478f3bf71038b78b017eb6ec93ede1b6bcec"},
    {file = "coverage-5.4-cp36-cp36m-win_amd64.whl", hash = "sha256:84df004223fd0550d0ea7a37882e5c889f3c6d45535c639ce9802293b39cd5c9"},
    {file = "coverage-5.4-cp37-cp37m-macosx_10_9_x86_64.whl", hash = "sha256:1b811662ecf72eb2d08872731636aee6559cae21862c36f74703be727b45df90"},
    {file = "coverage-5.4-cp37-cp37m-manylinux1_i686.whl", hash = "sha256:6b588b5cf51dc0fd1c9e19f622457cc74b7d26fe295432e434525f1c0fae02bc"},
    {file = "coverage-5.4-cp37-cp37m-manylinux1_x86_64.whl", hash = "sha256:3fe50f1cac369b02d34ad904dfe0771acc483f82a1b54c5e93632916ba847b37"},
    {file = "coverage-5.4-cp37-cp37m-manylinux2010_i686.whl", hash = "sha256:32ab83016c24c5cf3db2943286b85b0a172dae08c58d0f53875235219b676409"},
    {file = "coverage-5.4-cp37-cp37m-manylinux2010_x86_64.whl", hash = "sha256:68fb816a5dd901c6aff352ce49e2a0ffadacdf9b6fae282a69e7a16a02dad5fb"},
    {file = "coverage-5.4-cp37-cp37m-win32.whl", hash = "sha256:a636160680c6e526b84f85d304e2f0bb4e94f8284dd765a1911de9a40450b10a"},
    {file = "coverage-5.4-cp37-cp37m-win_amd64.whl", hash = "sha256:bb32ca14b4d04e172c541c69eec5f385f9a075b38fb22d765d8b0ce3af3a0c22"},
    {file = "coverage-5.4-cp38-cp38-macosx_10_9_x86_64.whl", hash = "sha256:6c4d7165a4e8f41eca6b990c12ee7f44fef3932fac48ca32cecb3a1b2223c21f"},
    {file = "coverage-5.4-cp38-cp38-manylinux1_i686.whl", hash = "sha256:a565f48c4aae72d1d3d3f8e8fb7218f5609c964e9c6f68604608e5958b9c60c3"},
    {file = "coverage-5.4-cp38-cp38-manylinux1_x86_64.whl", hash = "sha256:fff1f3a586246110f34dc762098b5afd2de88de507559e63553d7da643053786"},
    {file = "coverage-5.4-cp38-cp38-manylinux2010_i686.whl", hash = "sha256:a839e25f07e428a87d17d857d9935dd743130e77ff46524abb992b962eb2076c"},
    {file = "coverage-5.4-cp38-cp38-manylinux2010_x86_64.whl", hash = "sha256:6625e52b6f346a283c3d563d1fd8bae8956daafc64bb5bbd2b8f8a07608e3994"},
    {file = "coverage-5.4-cp38-cp38-win32.whl", hash = "sha256:5bee3970617b3d74759b2d2df2f6a327d372f9732f9ccbf03fa591b5f7581e39"},
    {file = "coverage-5.4-cp38-cp38-win_amd64.whl", hash = "sha256:03ed2a641e412e42cc35c244508cf186015c217f0e4d496bf6d7078ebe837ae7"},
    {file = "coverage-5.4-cp39-cp39-macosx_10_9_x86_64.whl", hash = "sha256:14a9f1887591684fb59fdba8feef7123a0da2424b0652e1b58dd5b9a7bb1188c"},
    {file = "coverage-5.4-cp39-cp39-manylinux1_i686.whl", hash = "sha256:9564ac7eb1652c3701ac691ca72934dd3009997c81266807aef924012df2f4b3"},
    {file = "coverage-5.4-cp39-cp39-manylinux1_x86_64.whl", hash = "sha256:0f48fc7dc82ee14aeaedb986e175a429d24129b7eada1b7e94a864e4f0644dde"},
    {file = "coverage-5.4-cp39-cp39-manylinux2010_i686.whl", hash = "sha256:107d327071061fd4f4a2587d14c389a27e4e5c93c7cba5f1f59987181903902f"},
    {file = "coverage-5.4-cp39-cp39-manylinux2010_x86_64.whl", hash = "sha256:0cdde51bfcf6b6bd862ee9be324521ec619b20590787d1655d005c3fb175005f"},
    {file = "coverage-5.4-cp39-cp39-win32.whl", hash = "sha256:c67734cff78383a1f23ceba3b3239c7deefc62ac2b05fa6a47bcd565771e5880"},
    {file = "coverage-5.4-cp39-cp39-win_amd64.whl", hash = "sha256:c669b440ce46ae3abe9b2d44a913b5fd86bb19eb14a8701e88e3918902ecd345"},
    {file = "coverage-5.4-pp36-none-any.whl", hash = "sha256:c0ff1c1b4d13e2240821ef23c1efb1f009207cb3f56e16986f713c2b0e7cd37f"},
    {file = "coverage-5.4-pp37-none-any.whl", hash = "sha256:cd601187476c6bed26a0398353212684c427e10a903aeafa6da40c63309d438b"},
    {file = "coverage-5.4.tar.gz", hash = "sha256:6d2e262e5e8da6fa56e774fb8e2643417351427604c2b177f8e8c5f75fc928ca"},
]
debugpy = [
    {file = "debugpy-1.2.1-cp27-cp27m-macosx_10_14_x86_64.whl", hash = "sha256:05726aa5fa7a65587ca0b1d58cbbf7f7b223300f989b152bd4dccc86a16e5c29"},
    {file = "debugpy-1.2.1-cp27-cp27m-manylinux1_i686.whl", hash = "sha256:661d8d4b2632d952204237452d9764f20599fdd952cba49d6e985d3279453bc5"},
    {file = "debugpy-1.2.1-cp27-cp27m-manylinux1_x86_64.whl", hash = "sha256:45864a250237128cfcb9b9b69ba844ef75fe7b7964691ce1a4c6af95d950cd5f"},
    {file = "debugpy-1.2.1-cp27-cp27m-manylinux2010_i686.whl", hash = "sha256:ad42addff9b7f704ca4779bce5b40cf9cd9921172b60a9db10f94db28591b898"},
    {file = "debugpy-1.2.1-cp27-cp27m-manylinux2010_x86_64.whl", hash = "sha256:6c3592aa6441a0d4b976488d17d42a06531fe066f41e85b65a7dadc3480426bf"},
    {file = "debugpy-1.2.1-cp27-cp27mu-manylinux1_i686.whl", hash = "sha256:996f9070fa37fff1bc70438faea3aa82ad96b4794388bcd0151d21c9839cfbeb"},
    {file = "debugpy-1.2.1-cp27-cp27mu-manylinux1_x86_64.whl", hash = "sha256:b47a88b49d297a064d01045aa2f93cee230a4cbb42e0a4da2af9452175087906"},
    {file = "debugpy-1.2.1-cp27-cp27mu-manylinux2010_i686.whl", hash = "sha256:ea36a3a71b3c7549710829bf1ef723222ebd6c9d43e7da0c30a87a8f718c7c38"},
    {file = "debugpy-1.2.1-cp27-cp27mu-manylinux2010_x86_64.whl", hash = "sha256:cb6d1e65fc11f6e0bda65861a47ac49e8ad8e64bcc120f7d2f51cc8a0a36a2ba"},
    {file = "debugpy-1.2.1-cp35-cp35m-macosx_10_14_x86_64.whl", hash = "sha256:45c81245cde0f47e3d6caaf82890f861a6147d0c6a0095c3ab1c578b50cbc1a8"},
    {file = "debugpy-1.2.1-cp35-cp35m-manylinux1_i686.whl", hash = "sha256:8fa35cca6d724fde4ac7ecc680c36e4b6a51b7a575e967061a55057a8d55d98f"},
    {file = "debugpy-1.2.1-cp35-cp35m-manylinux1_x86_64.whl", hash = "sha256:7faa306b8dc21d79b329e2c757a6276f24621cbd4b37031b4ff5428160752e74"},
    {file = "debugpy-1.2.1-cp35-cp35m-manylinux2010_i686.whl", hash = "sha256:dabc631c63e4359995e9823d5e0f347d0b94fc8981a98ab41e2f670d2e7a2363"},
    {file = "debugpy-1.2.1-cp35-cp35m-manylinux2010_x86_64.whl", hash = "sha256:b93081a76f392a2f7363d0d0c0f3f1bf510d39745432339c165f4d5f8534e17d"},
    {file = "debugpy-1.2.1-cp35-cp35m-manylinux2014_i686.whl", hash = "sha256:81d4eef9702a55af23fddf1a748a2b380ad7495a7d2a6a527dc18d23b39f089a"},
    {file = "debugpy-1.2.1-cp35-cp35m-manylinux2014_x86_64.whl", hash = "sha256:38f4bd04576632f1611cf3b8263e210f73652e39f31da63281199791fd6e9e5b"},
    {file = "debugpy-1.2.1-cp35-cp35m-win32.whl", hash = "sha256:ceb76da0c3551a2373503c3714d0ec77227e91f55715ecaff9890de40dd39bf7"},
    {file = "debugpy-1.2.1-cp35-cp35m-win_amd64.whl", hash = "sha256:eadedf204ec1921ea0e457292cecf0f8bf1df61aa1329073cacb8e6ce7bd1b82"},
    {file = "debugpy-1.2.1-cp36-cp36m-macosx_10_14_x86_64.whl", hash = "sha256:9dbe15e36f15cbe8d8bdf488217e10c7548d0bd0e13dbfb29b90672bb3ee033a"},
    {file = "debugpy-1.2.1-cp36-cp36m-manylinux1_i686.whl", hash = "sha256:97025c5485484a5e8fd30603d16e2ebbe170e976b10f72d31b7088872328ed83"},
    {file = "debugpy-1.2.1-cp36-cp36m-manylinux1_x86_64.whl", hash = "sha256:e5416bfcbc4d5cbcfff619b88fd2ee8624a75376bb6f348fc6f22e3a6dcf0384"},
    {file = "debugpy-1.2.1-cp36-cp36m-manylinux2010_i686.whl", hash = "sha256:d8e063a734a5c2dc64e44e91c7d3f7282c9aebf630e0ea25d878f986bc20b8e7"},
    {file = "debugpy-1.2.1-cp36-cp36m-manylinux2010_x86_64.whl", hash = "sha256:ff1a2887439ab0f2000b6a73d3fcdd8202bade433e190e5c0e8e1ad7b16969be"},
    {file = "debugpy-1.2.1-cp36-cp36m-manylinux2014_i686.whl", hash = "sha256:69109c0e1ec2ba6f91befb958c15b5a941a420feecb9e196a15ecc12a088745a"},
    {file = "debugpy-1.2.1-cp36-cp36m-manylinux2014_x86_64.whl", hash = "sha256:8dca68a83946ad18d4a60907d6cbfab2fd663f0818b1a575d4f18dc616787ac4"},
    {file = "debugpy-1.2.1-cp36-cp36m-win32.whl", hash = "sha256:779fa99a5c7a736b3f62db83200a325a81c1e2ae8961f5386c3318224531f474"},
    {file = "debugpy-1.2.1-cp36-cp36m-win_amd64.whl", hash = "sha256:8861d8263c62be90bed696bf7b9d70be77a235c259035f5e2bcf0df2cf23b0d3"},
    {file = "debugpy-1.2.1-cp37-cp37m-macosx_10_14_x86_64.whl", hash = "sha256:fa0ad34e3a13759bb0800ca93542bcc3294e19facfb4e8fc027720f388957b75"},
    {file = "debugpy-1.2.1-cp37-cp37m-manylinux1_i686.whl", hash = "sha256:1da1f58e7ccbc7d2d5628347b522529b45390c8a58ff01912ea6cd0b4fbd4465"},
    {file = "debugpy-1.2.1-cp37-cp37m-manylinux1_x86_64.whl", hash = "sha256:3d6e779841246bb3512d630df5620828ae333618e8f93d117194a87904d1d2a6"},
    {file = "debugpy-1.2.1-cp37-cp37m-manylinux2010_i686.whl", hash = "sha256:b4ed4982b5d83e79f31417ab1feb5bd1bf7512cbd11ed396036197964dbcbf73"},
    {file = "debugpy-1.2.1-cp37-cp37m-manylinux2010_x86_64.whl", hash = "sha256:6e9f1aeb42820ae0bad07a0392cd5fb0b1da5aa0f4ada5d7e388e157892e5638"},
    {file = "debugpy-1.2.1-cp37-cp37m-manylinux2014_i686.whl", hash = "sha256:43846c3c986715d006ee15c6aaeba2c1b26d83a23da5f3d541d3f8eeae882062"},
    {file = "debugpy-1.2.1-cp37-cp37m-manylinux2014_x86_64.whl", hash = "sha256:8bf3d68592afe46439c5d35f3e1312e91882642b823e777b6415b8c150141437"},
    {file = "debugpy-1.2.1-cp37-cp37m-win32.whl", hash = "sha256:7fd7545475d74714531e36bcf77fbca6f123afa619be49c6b1543250d73de29a"},
    {file = "debugpy-1.2.1-cp37-cp37m-win_amd64.whl", hash = "sha256:4d3ecffc93de06b67f14a4faf23f64c93a143b403ead989608c7a3f3b12a6859"},
    {file = "debugpy-1.2.1-cp38-cp38-macosx_10_14_x86_64.whl", hash = "sha256:e42783d1731107433d421ee489aa71e76f521d1b6f25ead3d87fafdadc75d3fd"},
    {file = "debugpy-1.2.1-cp38-cp38-manylinux1_i686.whl", hash = "sha256:e7cb1dd617dd429a0a0a2f6359bd6a5d08401715d530d318b449f6cbc78e1bdb"},
    {file = "debugpy-1.2.1-cp38-cp38-manylinux1_x86_64.whl", hash = "sha256:a196fc90f91f798c7b51e6acb74d01dd2ebd5b760b959058289e32b067407963"},
    {file = "debugpy-1.2.1-cp38-cp38-manylinux2010_i686.whl", hash = "sha256:b1330eee0cbef2b056e7e9967800202e06bf1f8ef21fc215695aa315e76bab27"},
    {file = "debugpy-1.2.1-cp38-cp38-manylinux2010_x86_64.whl", hash = "sha256:ca9dd68bf3e52f60a628a191acb86e1b9654165a4327200b67008c3a05be6373"},
    {file = "debugpy-1.2.1-cp38-cp38-manylinux2014_i686.whl", hash = "sha256:7520c4dc66e0230a7f4b5cbb336ea0abfecadaee0b7e0191803905f5bcef7c60"},
    {file = "debugpy-1.2.1-cp38-cp38-manylinux2014_x86_64.whl", hash = "sha256:0ecff2d8bda1812434d71465189aa0fa6f2adf193955c39402aa25b510e563c0"},
    {file = "debugpy-1.2.1-cp38-cp38-win32.whl", hash = "sha256:23aca5c088a8389fb4bcddd16913608ebc06ce53cc2a09fc6eeb81f2d70249b4"},
    {file = "debugpy-1.2.1-cp38-cp38-win_amd64.whl", hash = "sha256:1307ce1cd8cee2e7813c97764ac209abc8244af772ae299d1b81447b6b68b40c"},
    {file = "debugpy-1.2.1-cp39-cp39-macosx_10_14_x86_64.whl", hash = "sha256:b76b3c43c4e4dbdd4940ac9c3d992c1ed100f33147d8824156c7e5bd11c71094"},
    {file = "debugpy-1.2.1-cp39-cp39-manylinux1_i686.whl", hash = "sha256:c388e332ce5c9592eafd925e9dec2dce889665cb45c4add15b0705053e9b3188"},
    {file = "debugpy-1.2.1-cp39-cp39-manylinux1_x86_64.whl", hash = "sha256:3206b0ec848768fa083081469a705bc48b6941f90035f339ec7ef53bcdeb317c"},
    {file = "debugpy-1.2.1-cp39-cp39-manylinux2010_i686.whl", hash = "sha256:185ff9ebcec6d644450c6df9d72a954b58710c2e6ed02b287e8dd610bd4bc7eb"},
    {file = "debugpy-1.2.1-cp39-cp39-manylinux2010_x86_64.whl", hash = "sha256:53fed34ba47bd2ca9670e8942e64a000534742ee29d933eeae1563c6c126262e"},
    {file = "debugpy-1.2.1-cp39-cp39-manylinux2014_i686.whl", hash = "sha256:c298fd4354c4f194c1df85b44bfccb0683504a86f3daa396533ae9b3a2eaa8b1"},
    {file = "debugpy-1.2.1-cp39-cp39-manylinux2014_x86_64.whl", hash = "sha256:1740eeeb81b1f5779906a54306436b64c67919d4fbc1aee7b87367fc37f476ae"},
    {file = "debugpy-1.2.1-py2.py3-none-any.whl", hash = "sha256:6fd6e4d5295b6ac96f32053078688c6e4d8a0ed3d53cac5e14989303100c43aa"},
    {file = "debugpy-1.2.1.zip", hash = "sha256:3157a64db960dab322c4be6a44df3427ed965e4b618daba0c96cf71c13b82b61"},
]
importlib-metadata = [
    {file = "importlib_metadata-3.4.0-py3-none-any.whl", hash = "sha256:ace61d5fc652dc280e7b6b4ff732a9c2d40db2c0f92bc6cb74e07b73d53a1771"},
    {file = "importlib_metadata-3.4.0.tar.gz", hash = "sha256:fa5daa4477a7414ae34e95942e4dd07f62adf589143c875c133c1e53c4eff38d"},
]
iniconfig = [
    {file = "iniconfig-1.1.1-py2.py3-none-any.whl", hash = "sha256:011e24c64b7f47f6ebd835bb12a743f2fbe9a26d4cecaa7f53bc4f35ee9da8b3"},
    {file = "iniconfig-1.1.1.tar.gz", hash = "sha256:bc3af051d7d14b2ee5ef9969666def0cd1a000e121eaea580d4a313df4b37f32"},
]
packaging = [
    {file = "packaging-20.9-py2.py3-none-any.whl", hash = "sha256:67714da7f7bc052e064859c05c595155bd1ee9f69f76557e21f051443c20947a"},
    {file = "packaging-20.9.tar.gz", hash = "sha256:5b327ac1320dc863dca72f4514ecc086f31186744b84a230374cc1fd776feae5"},
]
pluggy = [
    {file = "pluggy-0.13.1-py2.py3-none-any.whl", hash = "sha256:966c145cd83c96502c3c3868f50408687b38434af77734af1e9ca461a4081d2d"},
    {file = "pluggy-0.13.1.tar.gz", hash = "sha256:15b2acde666561e1298d71b523007ed7364de07029219b604cf808bfa1c765b0"},
]
py = [
    {file = "py-1.10.0-py2.py3-none-any.whl", hash = "sha256:3b80836aa6d1feeaa108e046da6423ab8f6ceda6468545ae8d02d9d58d18818a"},
    {file = "py-1.10.0.tar.gz", hash = "sha256:21b81bda15b66ef5e1a777a21c4dcd9c20ad3efd0b3f817e7a809035269e1bd3"},
]
pyparsing = [
    {file = "pyparsing-2.4.7-py2.py3-none-any.whl", hash = "sha256:ef9d7589ef3c200abe66653d3f1ab1033c3c419ae9b9bdb1240a85b024efc88b"},
    {file = "pyparsing-2.4.7.tar.gz", hash = "sha256:c203ec8783bf771a155b207279b9bccb8dea02d8f0c9e5f8ead507bc3246ecc1"},
]
pytest = [
    {file = "pytest-6.2.2-py3-none-any.whl", hash = "sha256:b574b57423e818210672e07ca1fa90aaf194a4f63f3ab909a2c67ebb22913839"},
    {file = "pytest-6.2.2.tar.gz", hash = "sha256:9d1edf9e7d0b84d72ea3dbcdfd22b35fb543a5e8f2a60092dd578936bf63d7f9"},
]
pytest-cov = [
    {file = "pytest-cov-2.11.1.tar.gz", hash = "sha256:359952d9d39b9f822d9d29324483e7ba04a3a17dd7d05aa6beb7ea01e359e5f7"},
    {file = "pytest_cov-2.11.1-py2.py3-none-any.whl", hash = "sha256:bdb9fdb0b85a7cc825269a4c56b48ccaa5c7e365054b6038772c32ddcdc969da"},
]
toml = [
    {file = "toml-0.10.2-py2.py3-none-any.whl", hash = "sha256:806143ae5bfb6a3c6e736a764057db0e6a0e05e338b5630894a5f779cabb4f9b"},
    {file = "toml-0.10.2.tar.gz", hash = "sha256:b3bda1d108d5dd99f4a20d24d9c348e91c4db7ab1b749200bded2f839ccbe68f"},
]
typing-extensions = [
    {file = "typing_extensions-3.7.4.3-py2-none-any.whl", hash = "sha256:dafc7639cde7f1b6e1acc0f457842a83e722ccca8eef5270af2d74792619a89f"},
    {file = "typing_extensions-3.7.4.3-py3-none-any.whl", hash = "sha256:7cb407020f00f7bfc3cb3e7881628838e69d8f3fcab2f64742a5e76b2f841918"},
    {file = "typing_extensions-3.7.4.3.tar.gz", hash = "sha256:99d4073b617d30288f569d3f13d2bd7548c3a7e4c8de87db09a9d29bb3a4a60c"},
]
zipp = [
    {file = "zipp-3.4.0-py3-none-any.whl", hash = "sha256:102c24ef8f171fd729d46599845e95c7ab894a4cf45f5de11a44cc7444fb1108"},
    {file = "zipp-3.4.0.tar.gz", hash = "sha256:ed5eee1974372595f9e416cc7bbeeb12335201d8081ca8a0743c954d4446e5cb"},
]
